
Microsoft Visual Studio Solution File, Format Version 12.00
# Visual Studio 2017
Project("{FAE04EC0-301F-11D3-BF4B-00C04F79EFBC}") = "Dream not Scream", "Dream not Scream.csproj", "{F591CFCA-60C2-14E2-21A9-36E40F3F77A7}"
EndProject
Project("{FAE04EC0-301F-11D3-BF4B-00C04F79EFBC}") = "Dream not Scream.Editor", "Dream not Scream.Editor.csproj", "{145ACE69-0784-F86F-F2AB-C7FED93C8E5C}"
EndProject
Global
	GlobalSection(SolutionConfigurationPlatforms) = preSolution
		Debug|Any CPU = Debug|Any CPU
		Release|Any CPU = Release|Any CPU
	EndGlobalSection
	GlobalSection(ProjectConfigurationPlatforms) = postSolution
		{F591CFCA-60C2-14E2-21A9-36E40F3F77A7}.Debug|Any CPU.ActiveCfg = Debug|Any CPU
		{F591CFCA-60C2-14E2-21A9-36E40F3F77A7}.Debug|Any CPU.Build.0 = Debug|Any CPU
		{F591CFCA-60C2-14E2-21A9-36E40F3F77A7}.Release|Any CPU.ActiveCfg = Release|Any CPU
		{F591CFCA-60C2-14E2-21A9-36E40F3F77A7}.Release|Any CPU.Build.0 = Release|Any CPU
		{145ACE69-0784-F86F-F2AB-C7FED93C8E5C}.Debug|Any CPU.ActiveCfg = Debug|Any CPU
		{145ACE69-0784-F86F-F2AB-C7FED93C8E5C}.Debug|Any CPU.Build.0 = Debug|Any CPU
		{145ACE69-0784-F86F-F2AB-C7FED93C8E5C}.Release|Any CPU.ActiveCfg = Release|Any CPU
		{145ACE69-0784-F86F-F2AB-C7FED93C8E5C}.Release|Any CPU.Build.0 = Release|Any CPU
	EndGlobalSection
	GlobalSection(SolutionProperties) = preSolution
		HideSolutionNode = FALSE
	EndGlobalSection
EndGlobal
